// !$*UTF8*$!
{
 archiveVersion = 1;
 classes = {};
 objectVersion = 56;
 objects = {
  A1 = {isa = PBXProject; attributes = {BuildIndependentTargetsInParallel = YES; LastSwiftUpdateCheck = 1600; LastUpgradeCheck = 1600;}; buildConfigurationList = A2; compatibilityVersion = "Xcode 14.0"; developmentRegion = en; hasScannedForEncodings = 0; knownRegions = (en, Base); mainGroup = A3; productRefGroup = A4; projectDirPath = ""; projectRoot = ""; targets = (A5); packageReferences = (PKGREF1);};
  A2 = {isa = XCConfigurationList; buildConfigurations = (C1, C2); defaultConfigurationIsVisible = 0; defaultConfigurationName = Release;};
  A3 = {isa = PBXGroup; children = (G1, A4); sourceTree = "<group>";};
  A4 = {isa = PBXGroup; children = (P1); name = Products; sourceTree = "<group>";};
  A5 = {isa = PBXNativeTarget; buildConfigurationList = A6; buildPhases = (B1, B2, B3); buildRules = (); dependencies = (); name = RVE; productName = RVE; productReference = P1; packageProductDependencies = (PKGPROD1); productType = "com.apple.product-type.application";};
  A6 = {isa = XCConfigurationList; buildConfigurations = (C3, C4); defaultConfigurationIsVisible = 0; defaultConfigurationName = Release;};
  G1 = {isa = PBXGroup; children = (F1,F2,F3,F4,F5,F6,F7,F8); path = RVE; sourceTree = "<group>";};
  P1 = {isa = PBXFileReference; explicitFileType = wrapper.application; includeInIndex = 0; path = RVE.app; sourceTree = BUILT_PRODUCTS_DIR;};
  F1 = {isa = PBXFileReference; lastKnownFileType = sourcecode.swift; path = RVEApp.swift; sourceTree = "<group>";};
  F2 = {isa = PBXFileReference; lastKnownFileType = sourcecode.swift; path = ContentView.swift; sourceTree = "<group>";};
  F3 = {isa = PBXFileReference; lastKnownFileType = sourcecode.swift; path = WhisperKitBackend.swift; sourceTree = "<group>";};
  F4 = {isa = PBXFileReference; lastKnownFileType = sourcecode.swift; path = EditorStateMachine.swift; sourceTree = "<group>";};
  F5 = {isa = PBXFileReference; lastKnownFileType = sourcecode.swift; path = JSONFileDocument.swift; sourceTree = "<group>";};
  F6 = {isa = PBXFileReference; lastKnownFileType = text.plist.xml; path = Info.plist; sourceTree = "<group>";};
  F7 = {isa = PBXFileReference; lastKnownFileType = text.plist.entitlements; path = RVE.entitlements; sourceTree = "<group>";};
  F8 = {isa = PBXFileReference; lastKnownFileType = sourcecode.swift; path = SpeechBackend.swift; sourceTree = "<group>";};
  BF1 = {isa = PBXBuildFile; fileRef = F1;}; BF2 = {isa = PBXBuildFile; fileRef = F2;}; BF3 = {isa = PBXBuildFile; fileRef = F3;}; BF4 = {isa = PBXBuildFile; fileRef = F4;}; BF5 = {isa = PBXBuildFile; fileRef = F5;}; BF6 = {isa = PBXBuildFile; fileRef = F8;}; BF7 = {isa = PBXBuildFile; productRef = PKGPROD1;};
  B1 = {isa = PBXSourcesBuildPhase; buildActionMask = 2147483647; files = (BF1,BF2,BF3,BF4,BF5,BF6); runOnlyForDeploymentPostprocessing = 0;};
  B2 = {isa = PBXFrameworksBuildPhase; buildActionMask = 2147483647; files = (BF7); runOnlyForDeploymentPostprocessing = 0;};
  B3 = {isa = PBXResourcesBuildPhase; buildActionMask = 2147483647; files = (); runOnlyForDeploymentPostprocessing = 0;};
  C1 = {isa = XCBuildConfiguration; buildSettings = {CLANG_ENABLE_MODULES = YES; MACOSX_DEPLOYMENT_TARGET = 14.0; SDKROOT = macosx; SWIFT_VERSION = 5.0;}; name = Debug;};
  C2 = {isa = XCBuildConfiguration; buildSettings = {CLANG_ENABLE_MODULES = YES; MACOSX_DEPLOYMENT_TARGET = 14.0; SDKROOT = macosx; SWIFT_VERSION = 5.0;}; name = Release;};
  C3 = {isa = XCBuildConfiguration; buildSettings = {CODE_SIGN_ENTITLEMENTS = RVE/RVE.entitlements; CODE_SIGN_STYLE = Automatic; CURRENT_PROJECT_VERSION = 1; ENABLE_HARDENED_RUNTIME = YES; GENERATE_INFOPLIST_FILE = NO; INFOPLIST_FILE = RVE/Info.plist; LD_RUNPATH_SEARCH_PATHS = "$(inherited) @executable_path/../Frameworks"; MACOSX_DEPLOYMENT_TARGET = 14.0; MARKETING_VERSION = 0.1; PRODUCT_BUNDLE_IDENTIFIER = com.sulgik.RVE; PRODUCT_NAME = "$(TARGET_NAME)"; SWIFT_EMIT_LOC_STRINGS = YES; SWIFT_VERSION = 5.0;}; name = Debug;};
  C4 = {isa = XCBuildConfiguration; buildSettings = {CODE_SIGN_ENTITLEMENTS = RVE/RVE.entitlements; CODE_SIGN_STYLE = Automatic; CURRENT_PROJECT_VERSION = 1; ENABLE_HARDENED_RUNTIME = YES; GENERATE_INFOPLIST_FILE = NO; INFOPLIST_FILE = RVE/Info.plist; LD_RUNPATH_SEARCH_PATHS = "$(inherited) @executable_path/../Frameworks"; MACOSX_DEPLOYMENT_TARGET = 14.0; MARKETING_VERSION = 0.1; PRODUCT_BUNDLE_IDENTIFIER = com.sulgik.RVE; PRODUCT_NAME = "$(TARGET_NAME)"; SWIFT_COMPILATION_MODE = wholemodule; SWIFT_VERSION = 5.0;}; name = Release;};
  PKGREF1 = {isa = XCRemoteSwiftPackageReference; repositoryURL = "https://github.com/argmaxinc/argmax-oss-swift"; requirement = {kind = upToNextMajorVersion; minimumVersion = 0.18.0;};};
  PKGPROD1 = {isa = XCSwiftPackageProductDependency; package = PKGREF1; productName = WhisperKit;};
 };
 rootObject = A1;
}
